
Microsoft Visual Studio Solution File, Format Version 12.00
# Visual Studio Version 16
VisualStudioVersion = 16.0.30621.155
MinimumVisualStudioVersion = 10.0.40219.1
Project("{FAE04EC0-301F-11D3-BF4B-00C04F79EFBC}") = "BlackCoat", "BlackCoatNet.csproj", "{EF8353F5-78DE-4BC5-A100-2D6318C91AF9}"
EndProject
Global
	GlobalSection(SolutionConfigurationPlatforms) = preSolution
		Debug|Any CPU = Debug|Any CPU
		Release|Any CPU = Release|Any CPU
	EndGlobalSection
	GlobalSection(ProjectConfigurationPlatforms) = postSolution
		{EF8353F5-78DE-4BC5-A100-2D6318C91AF9}.Debug|Any CPU.ActiveCfg = Debug|Any CPU
		{EF8353F5-78DE-4BC5-A100-2D6318C91AF9}.Debug|Any CPU.Build.0 = Debug|Any CPU
		{EF8353F5-78DE-4BC5-A100-2D6318C91AF9}.Release|Any CPU.ActiveCfg = Release|Any CPU
		{EF8353F5-78DE-4BC5-A100-2D6318C91AF9}.Release|Any CPU.Build.0 = Release|Any CPU
	EndGlobalSection
	GlobalSection(SolutionProperties) = preSolution
		HideSolutionNode = FALSE
	EndGlobalSection
	GlobalSection(ExtensibilityGlobals) = postSolution
		SolutionGuid = {5FF96DF6-4653-4DB1-835D-B0D9938C3E83}
	EndGlobalSection
EndGlobal
